
Microsoft Visual Studio Solution File, Format Version 12.00
# Visual Studio Version 17
VisualStudioVersion = 17.4.33122.133
MinimumVisualStudioVersion = 10.0.40219.1
Project("{FAE04EC0-301F-11D3-BF4B-00C04F79EFBC}") = "PatternStrategy", "PatternStrategy\PatternStrategy.csproj", "{3D99950B-BA6F-48D3-8865-5ABAD23DA696}"
EndProject
Global
	GlobalSection(SolutionConfigurationPlatforms) = preSolution
		Debug|Any CPU = Debug|Any CPU
		Release|Any CPU = Release|Any CPU
	EndGlobalSection
	GlobalSection(ProjectConfigurationPlatforms) = postSolution
		{3D99950B-BA6F-48D3-8865-5ABAD23DA696}.Debug|Any CPU.ActiveCfg = Debug|Any CPU
		{3D99950B-BA6F-48D3-8865-5ABAD23DA696}.Debug|Any CPU.Build.0 = Debug|Any CPU
		{3D99950B-BA6F-48D3-8865-5ABAD23DA696}.Release|Any CPU.ActiveCfg = Release|Any CPU
		{3D99950B-BA6F-48D3-8865-5ABAD23DA696}.Release|Any CPU.Build.0 = Release|Any CPU
	EndGlobalSection
	GlobalSection(SolutionProperties) = preSolution
		HideSolutionNode = FALSE
	EndGlobalSection
	GlobalSection(ExtensibilityGlobals) = postSolution
		SolutionGuid = {29E91352-D9E8-4D2D-8A26-C9004F24AF24}
	EndGlobalSection
EndGlobal
